
Microsoft Visual Studio Solution File, Format Version 12.00
# Visual Studio Version 17
VisualStudioVersion = 17.4.33122.133
MinimumVisualStudioVersion = 10.0.40219.1
Project("{2150E333-8FDC-42A3-9474-1A3956D46DE8}") = "Services", "Services", "{5BD29A5F-8F74-48E5-9045-4BBF4F4FD4AC}"
EndProject
Project("{2150E333-8FDC-42A3-9474-1A3956D46DE8}") = "Catalog", "Catalog", "{E5E7A51F-3DB5-4118-B142-E601FCACDF9F}"
EndProject
Project("{FAE04EC0-301F-11D3-BF4B-00C04F79EFBC}") = "Catalog.Api", "Services\Catalog\Catalog.Api\Catalog.Api.csproj", "{AA36D82C-C458-415C-94F7-B91DF2C38750}"
EndProject
Global
	GlobalSection(SolutionConfigurationPlatforms) = preSolution
		Debug|Any CPU = Debug|Any CPU
		Release|Any CPU = Release|Any CPU
	EndGlobalSection
	GlobalSection(ProjectConfigurationPlatforms) = postSolution
		{AA36D82C-C458-415C-94F7-B91DF2C38750}.Debug|Any CPU.ActiveCfg = Debug|Any CPU
		{AA36D82C-C458-415C-94F7-B91DF2C38750}.Debug|Any CPU.Build.0 = Debug|Any CPU
		{AA36D82C-C458-415C-94F7-B91DF2C38750}.Release|Any CPU.ActiveCfg = Release|Any CPU
		{AA36D82C-C458-415C-94F7-B91DF2C38750}.Release|Any CPU.Build.0 = Release|Any CPU
	EndGlobalSection
	GlobalSection(SolutionProperties) = preSolution
		HideSolutionNode = FALSE
	EndGlobalSection
	GlobalSection(NestedProjects) = preSolution
		{E5E7A51F-3DB5-4118-B142-E601FCACDF9F} = {5BD29A5F-8F74-48E5-9045-4BBF4F4FD4AC}
		{AA36D82C-C458-415C-94F7-B91DF2C38750} = {E5E7A51F-3DB5-4118-B142-E601FCACDF9F}
	EndGlobalSection
	GlobalSection(ExtensibilityGlobals) = postSolution
		SolutionGuid = {0A0BE298-A89E-4A65-9A58-3C3337730259}
	EndGlobalSection
EndGlobal
